
Microsoft Visual Studio Solution File, Format Version 12.00
# Visual Studio 15
Project("{FAE04EC0-301F-11D3-BF4B-00C04F79EFBC}") = "LoginCrossPlatform.Android", "LoginCrossPlatform.Android\LoginCrossPlatform.Android.csproj", "{BE4E6F47-7743-4CCB-89C9-ABAF96467593}"
EndProject
Project("{FAE04EC0-301F-11D3-BF4B-00C04F79EFBC}") = "LoginCrossPlatform.iOS", "LoginCrossPlatform.iOS\LoginCrossPlatform.iOS.csproj", "{432E7B20-E829-4E64-AC67-C1C6A2609910}"
EndProject
Project("{FAE04EC0-301F-11D3-BF4B-00C04F79EFBC}") = "LoginCrossPlatform", "LoginCrossPlatform\LoginCrossPlatform.csproj", "{573A8438-A965-40F6-B2FF-53E348E6CE89}"
EndProject
Global
	GlobalSection(SolutionConfigurationPlatforms) = preSolution
		Debug|Any CPU = Debug|Any CPU
		Release|Any CPU = Release|Any CPU
		Debug|iPhoneSimulator = Debug|iPhoneSimulator
		Release|iPhoneSimulator = Release|iPhoneSimulator
		Debug|iPhone = Debug|iPhone
		Release|iPhone = Release|iPhone
	EndGlobalSection
	GlobalSection(ProjectConfigurationPlatforms) = postSolution
		{BE4E6F47-7743-4CCB-89C9-ABAF96467593}.Debug|Any CPU.ActiveCfg = Debug|Any CPU
		{BE4E6F47-7743-4CCB-89C9-ABAF96467593}.Debug|Any CPU.Build.0 = Debug|Any CPU
		{BE4E6F47-7743-4CCB-89C9-ABAF96467593}.Release|Any CPU.ActiveCfg = Release|Any CPU
		{BE4E6F47-7743-4CCB-89C9-ABAF96467593}.Release|Any CPU.Build.0 = Release|Any CPU
		{BE4E6F47-7743-4CCB-89C9-ABAF96467593}.Debug|iPhoneSimulator.ActiveCfg = Debug|Any CPU
		{BE4E6F47-7743-4CCB-89C9-ABAF96467593}.Debug|iPhoneSimulator.Build.0 = Debug|Any CPU
		{BE4E6F47-7743-4CCB-89C9-ABAF96467593}.Release|iPhoneSimulator.ActiveCfg = Release|Any CPU
		{BE4E6F47-7743-4CCB-89C9-ABAF96467593}.Release|iPhoneSimulator.Build.0 = Release|Any CPU
		{BE4E6F47-7743-4CCB-89C9-ABAF96467593}.Debug|iPhone.ActiveCfg = Debug|Any CPU
		{BE4E6F47-7743-4CCB-89C9-ABAF96467593}.Debug|iPhone.Build.0 = Debug|Any CPU
		{BE4E6F47-7743-4CCB-89C9-ABAF96467593}.Release|iPhone.ActiveCfg = Release|Any CPU
		{BE4E6F47-7743-4CCB-89C9-ABAF96467593}.Release|iPhone.Build.0 = Release|Any CPU
		{432E7B20-E829-4E64-AC67-C1C6A2609910}.Debug|Any CPU.ActiveCfg = Debug|iPhoneSimulator
		{432E7B20-E829-4E64-AC67-C1C6A2609910}.Debug|Any CPU.Build.0 = Debug|iPhoneSimulator
		{432E7B20-E829-4E64-AC67-C1C6A2609910}.Release|Any CPU.ActiveCfg = Release|iPhoneSimulator
		{432E7B20-E829-4E64-AC67-C1C6A2609910}.Release|Any CPU.Build.0 = Release|iPhoneSimulator
		{432E7B20-E829-4E64-AC67-C1C6A2609910}.Debug|iPhoneSimulator.ActiveCfg = Debug|iPhoneSimulator
		{432E7B20-E829-4E64-AC67-C1C6A2609910}.Debug|iPhoneSimulator.Build.0 = Debug|iPhoneSimulator
		{432E7B20-E829-4E64-AC67-C1C6A2609910}.Release|iPhoneSimulator.ActiveCfg = Release|iPhoneSimulator
		{432E7B20-E829-4E64-AC67-C1C6A2609910}.Release|iPhoneSimulator.Build.0 = Release|iPhoneSimulator
		{432E7B20-E829-4E64-AC67-C1C6A2609910}.Debug|iPhone.ActiveCfg = Debug|iPhone
		{432E7B20-E829-4E64-AC67-C1C6A2609910}.Debug|iPhone.Build.0 = Debug|iPhone
		{432E7B20-E829-4E64-AC67-C1C6A2609910}.Release|iPhone.ActiveCfg = Release|iPhone
		{432E7B20-E829-4E64-AC67-C1C6A2609910}.Release|iPhone.Build.0 = Release|iPhone
		{573A8438-A965-40F6-B2FF-53E348E6CE89}.Debug|Any CPU.ActiveCfg = Debug|Any CPU
		{573A8438-A965-40F6-B2FF-53E348E6CE89}.Debug|Any CPU.Build.0 = Debug|Any CPU
		{573A8438-A965-40F6-B2FF-53E348E6CE89}.Release|Any CPU.ActiveCfg = Release|Any CPU
		{573A8438-A965-40F6-B2FF-53E348E6CE89}.Release|Any CPU.Build.0 = Release|Any CPU
		{573A8438-A965-40F6-B2FF-53E348E6CE89}.Debug|iPhoneSimulator.ActiveCfg = Debug|Any CPU
		{573A8438-A965-40F6-B2FF-53E348E6CE89}.Debug|iPhoneSimulator.Build.0 = Debug|Any CPU
		{573A8438-A965-40F6-B2FF-53E348E6CE89}.Release|iPhoneSimulator.ActiveCfg = Release|Any CPU
		{573A8438-A965-40F6-B2FF-53E348E6CE89}.Release|iPhoneSimulator.Build.0 = Release|Any CPU
		{573A8438-A965-40F6-B2FF-53E348E6CE89}.Debug|iPhone.ActiveCfg = Debug|Any CPU
		{573A8438-A965-40F6-B2FF-53E348E6CE89}.Debug|iPhone.Build.0 = Debug|Any CPU
		{573A8438-A965-40F6-B2FF-53E348E6CE89}.Release|iPhone.ActiveCfg = Release|Any CPU
		{573A8438-A965-40F6-B2FF-53E348E6CE89}.Release|iPhone.Build.0 = Release|Any CPU
	EndGlobalSection
EndGlobal
